
Microsoft Visual Studio Solution File, Format Version 12.00
# Visual Studio Version 16
VisualStudioVersion = 16.0.31019.35
MinimumVisualStudioVersion = 10.0.40219.1
Project("{FAE04EC0-301F-11D3-BF4B-00C04F79EFBC}") = "SMO", "SMO\SMO.csproj", "{B73CBB02-E0A5-42B3-AF62-CBAE2BAA4DB0}"
EndProject
Global
	GlobalSection(SolutionConfigurationPlatforms) = preSolution
		Debug|Any CPU = Debug|Any CPU
		Release|Any CPU = Release|Any CPU
	EndGlobalSection
	GlobalSection(ProjectConfigurationPlatforms) = postSolution
		{B73CBB02-E0A5-42B3-AF62-CBAE2BAA4DB0}.Debug|Any CPU.ActiveCfg = Debug|Any CPU
		{B73CBB02-E0A5-42B3-AF62-CBAE2BAA4DB0}.Debug|Any CPU.Build.0 = Debug|Any CPU
		{B73CBB02-E0A5-42B3-AF62-CBAE2BAA4DB0}.Release|Any CPU.ActiveCfg = Release|Any CPU
		{B73CBB02-E0A5-42B3-AF62-CBAE2BAA4DB0}.Release|Any CPU.Build.0 = Release|Any CPU
	EndGlobalSection
	GlobalSection(SolutionProperties) = preSolution
		HideSolutionNode = FALSE
	EndGlobalSection
	GlobalSection(ExtensibilityGlobals) = postSolution
		SolutionGuid = {C25556A4-DCA1-43A3-8479-F17E55E16BF8}
	EndGlobalSection
EndGlobal
